
Microsoft Visual Studio Solution File, Format Version 12.00
# Visual Studio 2012
Project("{FAE04EC0-301F-11D3-BF4B-00C04F79EFBC}") = "SearchDir", "SearchDir.csproj", "{2D3D82D1-989C-48C0-8DE9-D3951680557C}"
EndProject
Global
	GlobalSection(TeamFoundationVersionControl) = preSolution
		SccNumberOfProjects = 2
		SccEnterpriseProvider = {4CA58AB2-18FA-4F8D-95D4-32DDF27D184C}
		SccTeamFoundationServer = http://vstspioneer:8080/tfs/vstsdf
		SccLocalPath0 = .
		SccProjectUniqueName1 = SearchDir.csproj
		SccLocalPath1 = .
	EndGlobalSection
	GlobalSection(SolutionConfigurationPlatforms) = preSolution
		Debug|Any CPU = Debug|Any CPU
		Release|Any CPU = Release|Any CPU
	EndGlobalSection
	GlobalSection(ProjectConfigurationPlatforms) = postSolution
		{2D3D82D1-989C-48C0-8DE9-D3951680557C}.Debug|Any CPU.ActiveCfg = Debug|Any CPU
		{2D3D82D1-989C-48C0-8DE9-D3951680557C}.Debug|Any CPU.Build.0 = Debug|Any CPU
		{2D3D82D1-989C-48C0-8DE9-D3951680557C}.Release|Any CPU.ActiveCfg = Release|Any CPU
		{2D3D82D1-989C-48C0-8DE9-D3951680557C}.Release|Any CPU.Build.0 = Release|Any CPU
	EndGlobalSection
	GlobalSection(SolutionProperties) = preSolution
		HideSolutionNode = FALSE
	EndGlobalSection
EndGlobal
